# THIS IS AN AUTOGENERATED FILE. DO NOT EDIT THIS FILE DIRECTLY.
# yarn lockfile v1


"@types/node@^20.2.5":
  version "20.2.5"
  resolved "https://registry.yarnpkg.com/@types/node/-/node-20.2.5.tgz#26d295f3570323b2837d322180dfbf1ba156fefb"
  integrity sha512-JJulVEQXmiY9Px5axXHeYGLSjhkZEnD+MDPDGbCbIAbMslkKwmygtZFy1X6s/075Yo94sf8GuSlFfPzysQrWZQ==

ts-features@^1.3.5:
  version "1.3.5"
  resolved "https://registry.yarnpkg.com/ts-features/-/ts-features-1.3.5.tgz#9254c34e2084ebcb22f1167165408e5ed95ba8c1"
  integrity sha512-fTdFEhXe1B5z4KoEytYvegv8jYvrer0GrhsiI7iF4XtNqEZ0B4qY7eaLFa6/wEobRMvGsBYD86/VHxI91MC1ew==

"typescript@npm:@typescript-deploys/pr-build@5.2.0-pr-54278-2":
  version "5.2.0-pr-54278-2"
  resolved "https://registry.yarnpkg.com/@typescript-deploys/pr-build/-/pr-build-5.2.0-pr-54278-2.tgz#991fa76631df21be57b77d35e5154930fb05b974"
  integrity sha512-nymt1YdOMZiuNFJB8heZwK1xrfLAmsDYx1f2sjjF/L+ePVhxC35eqiSSODlXed/7cU+daBnjKuu3psFuWhOQqg==
